
Microsoft Visual Studio Solution File, Format Version 12.00
# Visual Studio Version 17
VisualStudioVersion = 17.3.32922.545
MinimumVisualStudioVersion = 10.0.40219.1
Project("{FAE04EC0-301F-11D3-BF4B-00C04F79EFBC}") = "Geometry", "Geometry.csproj", "{B190BD7A-2AB3-46F3-9B92-FDBE9ECB08A5}"
EndProject
Global
	GlobalSection(SolutionConfigurationPlatforms) = preSolution
		Debug|Any CPU = Debug|Any CPU
		Release|Any CPU = Release|Any CPU
	EndGlobalSection
	GlobalSection(ProjectConfigurationPlatforms) = postSolution
		{B190BD7A-2AB3-46F3-9B92-FDBE9ECB08A5}.Debug|Any CPU.ActiveCfg = Debug|Any CPU
		{B190BD7A-2AB3-46F3-9B92-FDBE9ECB08A5}.Debug|Any CPU.Build.0 = Debug|Any CPU
		{B190BD7A-2AB3-46F3-9B92-FDBE9ECB08A5}.Release|Any CPU.ActiveCfg = Release|Any CPU
		{B190BD7A-2AB3-46F3-9B92-FDBE9ECB08A5}.Release|Any CPU.Build.0 = Release|Any CPU
	EndGlobalSection
	GlobalSection(SolutionProperties) = preSolution
		HideSolutionNode = FALSE
	EndGlobalSection
	GlobalSection(ExtensibilityGlobals) = postSolution
		SolutionGuid = {8532156A-A0D5-40E9-BD6B-69DA4F1BCCF4}
	EndGlobalSection
EndGlobal
