
Microsoft Visual Studio Solution File, Format Version 12.00
# Visual Studio Version 17
VisualStudioVersion = 17.8.34601.278
MinimumVisualStudioVersion = 10.0.40219.1
Project("{9A19103F-16F7-4668-BE54-9A1E7A4F7556}") = "manipulator", "manipulator.csproj", "{C319D53A-3E20-4F29-9991-7429D0E1B38B}"
EndProject
Global
	GlobalSection(SolutionConfigurationPlatforms) = preSolution
		Debug|Any CPU = Debug|Any CPU
		Release|Any CPU = Release|Any CPU
	EndGlobalSection
	GlobalSection(ProjectConfigurationPlatforms) = postSolution
		{C319D53A-3E20-4F29-9991-7429D0E1B38B}.Debug|Any CPU.ActiveCfg = Debug|Any CPU
		{C319D53A-3E20-4F29-9991-7429D0E1B38B}.Debug|Any CPU.Build.0 = Debug|Any CPU
		{C319D53A-3E20-4F29-9991-7429D0E1B38B}.Release|Any CPU.ActiveCfg = Release|Any CPU
		{C319D53A-3E20-4F29-9991-7429D0E1B38B}.Release|Any CPU.Build.0 = Release|Any CPU
	EndGlobalSection
	GlobalSection(SolutionProperties) = preSolution
		HideSolutionNode = FALSE
	EndGlobalSection
	GlobalSection(ExtensibilityGlobals) = postSolution
		SolutionGuid = {1C9E0ED5-6C7C-40B6-9A24-38606EB73A04}
	EndGlobalSection
EndGlobal
